<?xml version="1.0" encoding="UTF-8" standalone="yes" ?>
<CodeBlocks_project_file>
	<FileVersion major="1" minor="6" />
	<Project>
		<Option title="Genek" />
		<Option makefile="makefile" />
		<Option pch_mode="2" />
		<Option compiler="gcc" />
		<Build>
			<Target title="Windows">
				<Option platforms="Windows;" />
				<Option output="bin/Windows/Genek" prefix_auto="1" extension_auto="1" />
				<Option object_output="obj/Windows/" />
				<Option type="1" />
				<Option compiler="gcc" />
				<Option parameters="KAPPA" />
				<Compiler>
					<Add directory="lib/Windows/include" />
				</Compiler>
				<Linker>
					<Add library="nana" />
					<Add library="gdi32" />
					<Add library="comdlg32" />
					<Add directory="lib/Windows/lib" />
				</Linker>
				<ExtraCommands>
					<Add after="scripts\release_windows.bat" />
				</ExtraCommands>
			</Target>
		</Build>
		<Compiler>
			<Add option="-fexpensive-optimizations" />
			<Add option="-O3" />
			<Add option="-Wnon-virtual-dtor" />
			<Add option="-Winit-self" />
			<Add option="-Wredundant-decls" />
			<Add option="-Wfloat-equal" />
			<Add option="-Wunreachable-code" />
			<Add option="-Wmissing-declarations" />
			<Add option="-Wmissing-include-dirs" />
			<Add option="-Wzero-as-null-pointer-constant" />
			<Add option="-pedantic-errors" />
			<Add option="-pedantic" />
			<Add option="-Wextra" />
			<Add option="-Wall" />
			<Add option="-std=c++14" />
		</Compiler>
		<Linker>
			<Add option="-s" />
		</Linker>
		<Unit filename="src/core/array3d.hpp" />
		<Unit filename="src/core/core.cpp" />
		<Unit filename="src/core/core.hpp" />
		<Unit filename="src/core/export.cpp" />
		<Unit filename="src/core/export.hpp" />
		<Unit filename="src/core/generatorBorder.cpp" />
		<Unit filename="src/core/generatorData.hpp" />
		<Unit filename="src/core/generatorHeightMap.cpp" />
		<Unit filename="src/core/generatorMaterials.cpp" />
		<Unit filename="src/core/generatorPlayerSpawn.cpp" />
		<Unit filename="src/core/generatorSettings.hpp" />
		<Unit filename="src/core/generatorSurface.cpp" />
		<Unit filename="src/gui/gui.cpp" />
		<Unit filename="src/gui/gui.hpp" />
		<Unit filename="src/logger/logger.cpp" />
		<Unit filename="src/logger/logger.hpp" />
		<Unit filename="src/logger/time.cpp" />
		<Unit filename="src/logger/time.hpp" />
		<Unit filename="src/main.cpp" />
		<Unit filename="src/main.hpp" />
		<Unit filename="src/noise/PerlinNoise.cpp" />
		<Unit filename="src/noise/PerlinNoise.h" />
		<Unit filename="src/noise/ppm.cpp" />
		<Unit filename="src/noise/ppm.h" />
		<Unit filename="src/res/icon.ico" />
		<Unit filename="src/res/icon.rc">
			<Option compilerVar="WINDRES" />
		</Unit>
		<Extensions>
			<AutoVersioning>
				<Scheme minor_max="10" build_max="0" rev_max="0" rev_rand_max="10" build_times_to_increment_minor="100" />
				<Settings autoincrement="1" date_declarations="1" use_define="0" update_manifest="1" do_auto_increment="0" ask_to_increment="0" language="C++" svn="0" svn_directory="" header_path="version.h" />
				<Changes_Log show_changes_editor="0" app_title="released version %M.%m.%b of %p" changeslog_path="ChangesLog.txt" />
				<Code header_guard="VERSION_H" namespace="AutoVersion" prefix="" />
			</AutoVersioning>
			<code_completion />
			<envvars />
			<debugger />
			<lib_finder disable_auto="1" />
		</Extensions>
	</Project>
</CodeBlocks_project_file>
